{
  "name": "gbl-monorepo",
  "lockfileVersion": 3,
  "requires": true,
  "packages": {
    "": {
      "dependencies": {
        "turbo": "^2.3.4"
      }
    },
    "node_modules/turbo": {
      "version": "2.3.4",
      "resolved": "https://registry.npmjs.org/turbo/-/turbo-2.3.4.tgz",
      "integrity": "sha512-1kiLO5C0Okh5ay1DbHsxkPsw9Sjsbjzm6cF85CpWjR0BIyBFNDbKqtUyqGADRS1dbbZoQanJZVj4MS5kk8J42Q==",
      "bin": {
        "turbo": "bin/turbo"
      },
      "optionalDependencies": {
        "turbo-darwin-64": "2.3.4",
        "turbo-darwin-arm64": "2.3.4",
        "turbo-linux-64": "2.3.4",
        "turbo-linux-arm64": "2.3.4",
        "turbo-windows-64": "2.3.4",
        "turbo-windows-arm64": "2.3.4"
      }
    },
    "node_modules/turbo-darwin-64": {
      "version": "2.3.4",
      "resolved": "https://registry.npmjs.org/turbo-darwin-64/-/turbo-darwin-64-2.3.4.tgz",
      "integrity": "sha512-uOi/cUIGQI7uakZygH+cZQ5D4w+aMLlVCN2KTGot+cmefatps2ZmRRufuHrEM0Rl63opdKD8/JIu+54s25qkfg==",
      "cpu": [
        "x64"
      ],
      "optional": true,
      "os": [
        "darwin"
      ]
    },
    "node_modules/turbo-darwin-arm64": {
      "version": "2.3.4",
      "resolved": "https://registry.npmjs.org/turbo-darwin-arm64/-/turbo-darwin-arm64-2.3.4.tgz",
      "integrity": "sha512-IIM1Lq5R+EGMtM1YFGl4x8Xkr0MWb4HvyU8N4LNoQ1Be5aycrOE+VVfH+cDg/Q4csn+8bxCOxhRp5KmUflrVTQ==",
      "cpu": [
        "arm64"
      ],
      "optional": true,
      "os": [
        "darwin"
      ]
    },
    "node_modules/turbo-linux-64": {
      "version": "2.3.4",
      "resolved": "https://registry.npmjs.org/turbo-linux-64/-/turbo-linux-64-2.3.4.tgz",
      "integrity": "sha512-1aD2EfR7NfjFXNH3mYU5gybLJEFi2IGOoKwoPLchAFRQ6OEJQj201/oNo9CDL75IIrQo64/NpEgVyZtoPlfhfA==",
      "cpu": [
        "x64"
      ],
      "optional": true,
      "os": [
        "linux"
      ]
    },
    "node_modules/turbo-linux-arm64": {
      "version": "2.3.4",
      "resolved": "https://registry.npmjs.org/turbo-linux-arm64/-/turbo-linux-arm64-2.3.4.tgz",
      "integrity": "sha512-MxTpdKwxCaA5IlybPxgGLu54fT2svdqTIxRd0TQmpRJIjM0s4kbM+7YiLk0mOh6dGqlWPUsxz/A0Mkn8Xr5o7Q==",
      "cpu": [
        "arm64"
      ],
      "optional": true,
      "os": [
        "linux"
      ]
    },
    "node_modules/turbo-windows-64": {
      "version": "2.3.4",
      "resolved": "https://registry.npmjs.org/turbo-windows-64/-/turbo-windows-64-2.3.4.tgz",
      "integrity": "sha512-yyCrWqcRGu1AOOlrYzRnizEtdkqi+qKP0MW9dbk9OsMDXaOI5jlWtTY/AtWMkLw/czVJ7yS9Ex1vi9DB6YsFvw==",
      "cpu": [
        "x64"
      ],
      "optional": true,
      "os": [
        "win32"
      ]
    },
    "node_modules/turbo-windows-arm64": {
      "version": "2.3.4",
      "resolved": "https://registry.npmjs.org/turbo-windows-arm64/-/turbo-windows-arm64-2.3.4.tgz",
      "integrity": "sha512-PggC3qH+njPfn1PDVwKrQvvQby8X09ufbqZ2Ha4uSu+5TvPorHHkAbZVHKYj2Y+tvVzxRzi4Sv6NdHXBS9Be5w==",
      "cpu": [
        "arm64"
      ],
      "optional": true,
      "os": [
        "win32"
      ]
    }
  }
}
